
Microsoft Visual Studio Solution File, Format Version 12.00
# Visual Studio Version 16
VisualStudioVersion = 16.0.31112.23
MinimumVisualStudioVersion = 10.0.40219.1
Project("{FAE04EC0-301F-11D3-BF4B-00C04F79EFBC}") = "ShellPopIssue.Android", "ShellPopIssue\ShellPopIssue.Android\ShellPopIssue.Android.csproj", "{4E2EDF34-C5B7-441D-84A6-5D85F903CD28}"
EndProject
Project("{FAE04EC0-301F-11D3-BF4B-00C04F79EFBC}") = "ShellPopIssue.iOS", "ShellPopIssue\ShellPopIssue.iOS\ShellPopIssue.iOS.csproj", "{ED8F0C5A-A627-46D3-89D3-592460A7853C}"
EndProject
Project("{FAE04EC0-301F-11D3-BF4B-00C04F79EFBC}") = "ShellPopIssue", "ShellPopIssue\ShellPopIssue\ShellPopIssue.csproj", "{6C48859A-1A01-4D98-AA17-834678C4D034}"
EndProject
Global
	GlobalSection(SolutionConfigurationPlatforms) = preSolution
		Debug|Any CPU = Debug|Any CPU
		Debug|iPhone = Debug|iPhone
		Debug|iPhoneSimulator = Debug|iPhoneSimulator
		Release|Any CPU = Release|Any CPU
		Release|iPhone = Release|iPhone
		Release|iPhoneSimulator = Release|iPhoneSimulator
	EndGlobalSection
	GlobalSection(ProjectConfigurationPlatforms) = postSolution
		{4E2EDF34-C5B7-441D-84A6-5D85F903CD28}.Debug|Any CPU.ActiveCfg = Debug|Any CPU
		{4E2EDF34-C5B7-441D-84A6-5D85F903CD28}.Debug|Any CPU.Build.0 = Debug|Any CPU
		{4E2EDF34-C5B7-441D-84A6-5D85F903CD28}.Debug|Any CPU.Deploy.0 = Debug|Any CPU
		{4E2EDF34-C5B7-441D-84A6-5D85F903CD28}.Debug|iPhone.ActiveCfg = Debug|Any CPU
		{4E2EDF34-C5B7-441D-84A6-5D85F903CD28}.Debug|iPhone.Build.0 = Debug|Any CPU
		{4E2EDF34-C5B7-441D-84A6-5D85F903CD28}.Debug|iPhone.Deploy.0 = Debug|Any CPU
		{4E2EDF34-C5B7-441D-84A6-5D85F903CD28}.Debug|iPhoneSimulator.ActiveCfg = Debug|Any CPU
		{4E2EDF34-C5B7-441D-84A6-5D85F903CD28}.Debug|iPhoneSimulator.Build.0 = Debug|Any CPU
		{4E2EDF34-C5B7-441D-84A6-5D85F903CD28}.Debug|iPhoneSimulator.Deploy.0 = Debug|Any CPU
		{4E2EDF34-C5B7-441D-84A6-5D85F903CD28}.Release|Any CPU.ActiveCfg = Release|Any CPU
		{4E2EDF34-C5B7-441D-84A6-5D85F903CD28}.Release|Any CPU.Build.0 = Release|Any CPU
		{4E2EDF34-C5B7-441D-84A6-5D85F903CD28}.Release|Any CPU.Deploy.0 = Release|Any CPU
		{4E2EDF34-C5B7-441D-84A6-5D85F903CD28}.Release|iPhone.ActiveCfg = Release|Any CPU
		{4E2EDF34-C5B7-441D-84A6-5D85F903CD28}.Release|iPhone.Build.0 = Release|Any CPU
		{4E2EDF34-C5B7-441D-84A6-5D85F903CD28}.Release|iPhone.Deploy.0 = Release|Any CPU
		{4E2EDF34-C5B7-441D-84A6-5D85F903CD28}.Release|iPhoneSimulator.ActiveCfg = Release|Any CPU
		{4E2EDF34-C5B7-441D-84A6-5D85F903CD28}.Release|iPhoneSimulator.Build.0 = Release|Any CPU
		{4E2EDF34-C5B7-441D-84A6-5D85F903CD28}.Release|iPhoneSimulator.Deploy.0 = Release|Any CPU
		{ED8F0C5A-A627-46D3-89D3-592460A7853C}.Debug|Any CPU.ActiveCfg = Debug|iPhone
		{ED8F0C5A-A627-46D3-89D3-592460A7853C}.Debug|Any CPU.Build.0 = Debug|iPhone
		{ED8F0C5A-A627-46D3-89D3-592460A7853C}.Debug|Any CPU.Deploy.0 = Debug|iPhone
		{ED8F0C5A-A627-46D3-89D3-592460A7853C}.Debug|iPhone.ActiveCfg = Debug|iPhone
		{ED8F0C5A-A627-46D3-89D3-592460A7853C}.Debug|iPhone.Build.0 = Debug|iPhone
		{ED8F0C5A-A627-46D3-89D3-592460A7853C}.Debug|iPhone.Deploy.0 = Debug|iPhone
		{ED8F0C5A-A627-46D3-89D3-592460A7853C}.Debug|iPhoneSimulator.ActiveCfg = Debug|iPhoneSimulator
		{ED8F0C5A-A627-46D3-89D3-592460A7853C}.Debug|iPhoneSimulator.Build.0 = Debug|iPhoneSimulator
		{ED8F0C5A-A627-46D3-89D3-592460A7853C}.Debug|iPhoneSimulator.Deploy.0 = Debug|iPhoneSimulator
		{ED8F0C5A-A627-46D3-89D3-592460A7853C}.Release|Any CPU.ActiveCfg = Release|iPhoneSimulator
		{ED8F0C5A-A627-46D3-89D3-592460A7853C}.Release|Any CPU.Build.0 = Release|iPhoneSimulator
		{ED8F0C5A-A627-46D3-89D3-592460A7853C}.Release|Any CPU.Deploy.0 = Release|iPhoneSimulator
		{ED8F0C5A-A627-46D3-89D3-592460A7853C}.Release|iPhone.ActiveCfg = Release|iPhone
		{ED8F0C5A-A627-46D3-89D3-592460A7853C}.Release|iPhone.Build.0 = Release|iPhone
		{ED8F0C5A-A627-46D3-89D3-592460A7853C}.Release|iPhone.Deploy.0 = Release|iPhone
		{ED8F0C5A-A627-46D3-89D3-592460A7853C}.Release|iPhoneSimulator.ActiveCfg = Release|iPhoneSimulator
		{ED8F0C5A-A627-46D3-89D3-592460A7853C}.Release|iPhoneSimulator.Build.0 = Release|iPhoneSimulator
		{ED8F0C5A-A627-46D3-89D3-592460A7853C}.Release|iPhoneSimulator.Deploy.0 = Release|iPhoneSimulator
		{6C48859A-1A01-4D98-AA17-834678C4D034}.Debug|Any CPU.ActiveCfg = Debug|Any CPU
		{6C48859A-1A01-4D98-AA17-834678C4D034}.Debug|Any CPU.Build.0 = Debug|Any CPU
		{6C48859A-1A01-4D98-AA17-834678C4D034}.Debug|Any CPU.Deploy.0 = Debug|Any CPU
		{6C48859A-1A01-4D98-AA17-834678C4D034}.Debug|iPhone.ActiveCfg = Debug|Any CPU
		{6C48859A-1A01-4D98-AA17-834678C4D034}.Debug|iPhone.Build.0 = Debug|Any CPU
		{6C48859A-1A01-4D98-AA17-834678C4D034}.Debug|iPhone.Deploy.0 = Debug|Any CPU
		{6C48859A-1A01-4D98-AA17-834678C4D034}.Debug|iPhoneSimulator.ActiveCfg = Debug|Any CPU
		{6C48859A-1A01-4D98-AA17-834678C4D034}.Debug|iPhoneSimulator.Build.0 = Debug|Any CPU
		{6C48859A-1A01-4D98-AA17-834678C4D034}.Debug|iPhoneSimulator.Deploy.0 = Debug|Any CPU
		{6C48859A-1A01-4D98-AA17-834678C4D034}.Release|Any CPU.ActiveCfg = Release|Any CPU
		{6C48859A-1A01-4D98-AA17-834678C4D034}.Release|Any CPU.Build.0 = Release|Any CPU
		{6C48859A-1A01-4D98-AA17-834678C4D034}.Release|Any CPU.Deploy.0 = Release|Any CPU
		{6C48859A-1A01-4D98-AA17-834678C4D034}.Release|iPhone.ActiveCfg = Release|Any CPU
		{6C48859A-1A01-4D98-AA17-834678C4D034}.Release|iPhone.Build.0 = Release|Any CPU
		{6C48859A-1A01-4D98-AA17-834678C4D034}.Release|iPhone.Deploy.0 = Release|Any CPU
		{6C48859A-1A01-4D98-AA17-834678C4D034}.Release|iPhoneSimulator.ActiveCfg = Release|Any CPU
		{6C48859A-1A01-4D98-AA17-834678C4D034}.Release|iPhoneSimulator.Build.0 = Release|Any CPU
		{6C48859A-1A01-4D98-AA17-834678C4D034}.Release|iPhoneSimulator.Deploy.0 = Release|Any CPU
	EndGlobalSection
	GlobalSection(SolutionProperties) = preSolution
		HideSolutionNode = FALSE
	EndGlobalSection
	GlobalSection(ExtensibilityGlobals) = postSolution
		SolutionGuid = {C9D36081-7F22-47FA-8C3A-60B6A53C788B}
	EndGlobalSection
EndGlobal
